{
  "name": "pong-shared",
  "version": "1.0.0",
  "lockfileVersion": 3,
  "requires": true,
  "packages": {
    "": {
      "name": "pong-shared",
      "version": "1.0.0",
      "dependencies": {
        "@babylonjs/core": "^8.43.0",
        "@babylonjs/gui": "^8.43.0",
        "@babylonjs/materials": "^8.43.0"
      },
      "devDependencies": {
        "typescript": "^5.9.3"
      }
    },
    "node_modules/@babylonjs/core": {
      "version": "8.43.0",
      "resolved": "https://registry.npmjs.org/@babylonjs/core/-/core-8.43.0.tgz",
      "integrity": "sha512-O3HOfNKBNAHNsntK3o1hJHjRyDC9up0mPd4/j9yQWxbxEgJ+zskQyvk5cu2mA5JYHonwvQDtYnH8TIQRGfDcBg==",
      "license": "Apache-2.0"
    },
    "node_modules/@babylonjs/gui": {
      "version": "8.43.0",
      "resolved": "https://registry.npmjs.org/@babylonjs/gui/-/gui-8.43.0.tgz",
      "integrity": "sha512-XNXkwrSlML9kgZ9cTbIPK6ohwDdSVdubfqIVloQTf3tQ3YkjcxIEHu5/JpROy+29Q0MXLScKVVTmaHUUVb7oLA==",
      "license": "Apache-2.0",
      "peerDependencies": {
        "@babylonjs/core": "^8.0.0"
      }
    },
    "node_modules/@babylonjs/materials": {
      "version": "8.43.0",
      "resolved": "https://registry.npmjs.org/@babylonjs/materials/-/materials-8.43.0.tgz",
      "integrity": "sha512-UslKZY6I/8tkPRitz1nytXL7knEGMCogEwslg17xMDTsd5cOE8AjZPA+9xJVGbYKmQexY8CaMPUiuWHm32gjsg==",
      "license": "Apache-2.0",
      "peerDependencies": {
        "@babylonjs/core": "^8.6.0"
      }
    },
    "node_modules/typescript": {
      "version": "5.9.3",
      "resolved": "https://registry.npmjs.org/typescript/-/typescript-5.9.3.tgz",
      "integrity": "sha512-jl1vZzPDinLr9eUt3J/t7V6FgNEw9QjvBPdysz9KfQDD41fQrC2Y4vKQdiaUpFT4bXlb1RHhLpp8wtm6M5TgSw==",
      "dev": true,
      "license": "Apache-2.0",
      "bin": {
        "tsc": "bin/tsc",
        "tsserver": "bin/tsserver"
      },
      "engines": {
        "node": ">=14.17"
      }
    }
  }
}
