{
  "name": "pong-shared",
  "version": "1.0.0",
  "lockfileVersion": 3,
  "requires": true,
  "packages": {
    "": {
      "name": "pong-shared",
      "version": "1.0.0",
      "dependencies": {
        "@babylonjs/core": "^8.43.0",
        "@babylonjs/gui": "^8.43.0",
        "@babylonjs/materials": "^8.43.0",
        "typescript": "^5.9.3"
      }
    },
    "node_modules/@babylonjs/core": {
      "version": "8.45.3",
      "resolved": "https://registry.npmjs.org/@babylonjs/core/-/core-8.45.3.tgz",
      "integrity": "sha512-mDjnilmK9OMo1eEia1xhWuPX1smnWCdVhL8MpzXKry+IrX8eyWaoPeyguXVrmJwlex84d+qKmegFVeADWKzbKQ==",
      "license": "Apache-2.0",
      "peer": true
    },
    "node_modules/@babylonjs/gui": {
      "version": "8.45.3",
      "resolved": "https://registry.npmjs.org/@babylonjs/gui/-/gui-8.45.3.tgz",
      "integrity": "sha512-F3CYeiGZS5EDMZLiUVaOL2FRcEtBfJuWZxpWUF+QNHiGQg1sgW+D3KZkoEg1+8fwtklwwSmvoZwFbzYzbCXkHg==",
      "license": "Apache-2.0",
      "peerDependencies": {
        "@babylonjs/core": "^8.0.0"
      }
    },
    "node_modules/@babylonjs/materials": {
      "version": "8.45.3",
      "resolved": "https://registry.npmjs.org/@babylonjs/materials/-/materials-8.45.3.tgz",
      "integrity": "sha512-/+FTxiGN3of+rtkLzV5hRohkyyrmLoe40EmLde4TPoGky1f7gTn8We/kBjkaSoD2btg/RuzsU9VAdnIzb/QIFQ==",
      "license": "Apache-2.0",
      "peerDependencies": {
        "@babylonjs/core": "^8.6.0"
      }
    },
    "node_modules/typescript": {
      "version": "5.9.3",
      "resolved": "https://registry.npmjs.org/typescript/-/typescript-5.9.3.tgz",
      "integrity": "sha512-jl1vZzPDinLr9eUt3J/t7V6FgNEw9QjvBPdysz9KfQDD41fQrC2Y4vKQdiaUpFT4bXlb1RHhLpp8wtm6M5TgSw==",
      "license": "Apache-2.0",
      "bin": {
        "tsc": "bin/tsc",
        "tsserver": "bin/tsserver"
      },
      "engines": {
        "node": ">=14.17"
      }
    }
  }
}
