{
  "name": "pong-shared",
  "version": "1.0.0",
  "lockfileVersion": 3,
  "requires": true,
  "packages": {
    "": {
      "name": "pong-shared",
      "version": "1.0.0",
      "dependencies": {
        "@babylonjs/core": "^8.43.0",
        "@babylonjs/gui": "^8.43.0",
        "@babylonjs/materials": "^8.43.0",
        "typescript": "^5.9.3"
      }
    },
    "node_modules/@babylonjs/core": {
      "version": "8.44.1",
      "resolved": "https://registry.npmjs.org/@babylonjs/core/-/core-8.44.1.tgz",
      "integrity": "sha512-sF2WWK2d7lg18ESOCxUoRG4d1SzCWz42asjRjRGxZ8r3D7w9ZM3H2wftJIqwaZvD3zWr+wmCVKpQ6hWkboHIXw==",
      "license": "Apache-2.0",
      "peer": true
    },
    "node_modules/@babylonjs/gui": {
      "version": "8.44.1",
      "resolved": "https://registry.npmjs.org/@babylonjs/gui/-/gui-8.44.1.tgz",
      "integrity": "sha512-6STDK+Hr8GpY29YMLKnTVhEnWw1NKPrIpz+MqgWuoAAmmpiFtNCr0nnAnCj5fhgGf25L89jy51ogXyg3jfiuDA==",
      "license": "Apache-2.0",
      "peerDependencies": {
        "@babylonjs/core": "^8.0.0"
      }
    },
    "node_modules/@babylonjs/materials": {
      "version": "8.44.1",
      "resolved": "https://registry.npmjs.org/@babylonjs/materials/-/materials-8.44.1.tgz",
      "integrity": "sha512-FD0S/aA68oEjKCSNY5ydGkiHbsyo08KlhQ+6R8swtJhx5aq7ojWBt3P9KC78+wjZiCJW37176CIObcV8QcjMAQ==",
      "license": "Apache-2.0",
      "peerDependencies": {
        "@babylonjs/core": "^8.6.0"
      }
    },
    "node_modules/typescript": {
      "version": "5.9.3",
      "resolved": "https://registry.npmjs.org/typescript/-/typescript-5.9.3.tgz",
      "integrity": "sha512-jl1vZzPDinLr9eUt3J/t7V6FgNEw9QjvBPdysz9KfQDD41fQrC2Y4vKQdiaUpFT4bXlb1RHhLpp8wtm6M5TgSw==",
      "license": "Apache-2.0",
      "bin": {
        "tsc": "bin/tsc",
        "tsserver": "bin/tsserver"
      },
      "engines": {
        "node": ">=14.17"
      }
    }
  }
}
